// !$*UTF8*$!
{
	archiveVersion = 1;
	classes = {
	};
	objectVersion = 50;
	objects = {

/* Begin PBXBuildFile section */
		EC49DD70226785FB0090D7AA /* AppDelegate.swift in Sources */ = {isa = PBXBuildFile; fileRef = EC49DD6F226785FB0090D7AA /* AppDelegate.swift */; };
		EC49DD72226785FB0090D7AA /* ViewController.swift in Sources */ = {isa = PBXBuildFile; fileRef = EC49DD71226785FB0090D7AA /* ViewController.swift */; };
		EC49DD75226785FB0090D7AA /* Main.storyboard in Resources */ = {isa = PBXBuildFile; fileRef = EC49DD73226785FB0090D7AA /* Main.storyboard */; };
		EC49DD77226785FD0090D7AA /* Assets.xcassets in Resources */ = {isa = PBXBuildFile; fileRef = EC49DD76226785FD0090D7AA /* Assets.xcassets */; };
		EC49DD7A226785FD0090D7AA /* LaunchScreen.storyboard in Resources */ = {isa = PBXBuildFile; fileRef = EC49DD78226785FD0090D7AA /* LaunchScreen.storyboard */; };
		EC49DD85226785FD0090D7AA /* PathFinderMPiOSTests.swift in Sources */ = {isa = PBXBuildFile; fileRef = EC49DD84226785FD0090D7AA /* PathFinderMPiOSTests.swift */; };
		EC49DD90226785FD0090D7AA /* PathFinderMPiOSUITests.swift in Sources */ = {isa = PBXBuildFile; fileRef = EC49DD8F226785FD0090D7AA /* PathFinderMPiOSUITests.swift */; };
		EC49DD9E226794B70090D7AA /* main.framework in Frameworks */ = {isa = PBXBuildFile; fileRef = EC49DD9D226794B70090D7AA /* main.framework */; };
		EC49DD9F226794B70090D7AA /* main.framework in Embed Frameworks */ = {isa = PBXBuildFile; fileRef = EC49DD9D226794B70090D7AA /* main.framework */; settings = {ATTRIBUTES = (CodeSignOnCopy, RemoveHeadersOnCopy, ); }; };
/* End PBXBuildFile section */

/* Begin PBXContainerItemProxy section */
		EC49DD81226785FD0090D7AA /* PBXContainerItemProxy */ = {
			isa = PBXContainerItemProxy;
			containerPortal = EC49DD64226785FB0090D7AA /* Project object */;
			proxyType = 1;
			remoteGlobalIDString = EC49DD6B226785FB0090D7AA;
			remoteInfo = PathFinderMPiOS;
		};
		EC49DD8C226785FD0090D7AA /* PBXContainerItemProxy */ = {
			isa = PBXContainerItemProxy;
			containerPortal = EC49DD64226785FB0090D7AA /* Project object */;
			proxyType = 1;
			remoteGlobalIDString = EC49DD6B226785FB0090D7AA;
			remoteInfo = PathFinderMPiOS;
		};
/* End PBXContainerItemProxy section */

/* Begin PBXCopyFilesBuildPhase section */
		EC49DDA0226794B70090D7AA /* Embed Frameworks */ = {
			isa = PBXCopyFilesBuildPhase;
			buildActionMask = 2147483647;
			dstPath = "";
			dstSubfolderSpec = 10;
			files = (
				EC49DD9F226794B70090D7AA /* main.framework in Embed Frameworks */,
			);
			name = "Embed Frameworks";
			runOnlyForDeploymentPostprocessing = 0;
		};
/* End PBXCopyFilesBuildPhase section */

/* Begin PBXFileReference section */
		EC49DD6C226785FB0090D7AA /* PathFinderMPiOS.app */ = {isa = PBXFileReference; explicitFileType = wrapper.application; includeInIndex = 0; path = PathFinderMPiOS.app; sourceTree = BUILT_PRODUCTS_DIR; };
		EC49DD6F226785FB0090D7AA /* AppDelegate.swift */ = {isa = PBXFileReference; lastKnownFileType = sourcecode.swift; path = AppDelegate.swift; sourceTree = "<group>"; };
		EC49DD71226785FB0090D7AA /* ViewController.swift */ = {isa = PBXFileReference; lastKnownFileType = sourcecode.swift; path = ViewController.swift; sourceTree = "<group>"; };
		EC49DD74226785FB0090D7AA /* Base */ = {isa = PBXFileReference; lastKnownFileType = file.storyboard; name = Base; path = Base.lproj/Main.storyboard; sourceTree = "<group>"; };
		EC49DD76226785FD0090D7AA /* Assets.xcassets */ = {isa = PBXFileReference; lastKnownFileType = folder.assetcatalog; path = Assets.xcassets; sourceTree = "<group>"; };
		EC49DD79226785FD0090D7AA /* Base */ = {isa = PBXFileReference; lastKnownFileType = file.storyboard; name = Base; path = Base.lproj/LaunchScreen.storyboard; sourceTree = "<group>"; };
		EC49DD7B226785FD0090D7AA /* Info.plist */ = {isa = PBXFileReference; lastKnownFileType = text.plist.xml; path = Info.plist; sourceTree = "<group>"; };
		EC49DD80226785FD0090D7AA /* PathFinderMPiOSTests.xctest */ = {isa = PBXFileReference; explicitFileType = wrapper.cfbundle; includeInIndex = 0; path = PathFinderMPiOSTests.xctest; sourceTree = BUILT_PRODUCTS_DIR; };
		EC49DD84226785FD0090D7AA /* PathFinderMPiOSTests.swift */ = {isa = PBXFileReference; lastKnownFileType = sourcecode.swift; path = PathFinderMPiOSTests.swift; sourceTree = "<group>"; };
		EC49DD86226785FD0090D7AA /* Info.plist */ = {isa = PBXFileReference; lastKnownFileType = text.plist.xml; path = Info.plist; sourceTree = "<group>"; };
		EC49DD8B226785FD0090D7AA /* PathFinderMPiOSUITests.xctest */ = {isa = PBXFileReference; explicitFileType = wrapper.cfbundle; includeInIndex = 0; path = PathFinderMPiOSUITests.xctest; sourceTree = BUILT_PRODUCTS_DIR; };
		EC49DD8F226785FD0090D7AA /* PathFinderMPiOSUITests.swift */ = {isa = PBXFileReference; lastKnownFileType = sourcecode.swift; path = PathFinderMPiOSUITests.swift; sourceTree = "<group>"; };
		EC49DD91226785FD0090D7AA /* Info.plist */ = {isa = PBXFileReference; lastKnownFileType = text.plist.xml; path = Info.plist; sourceTree = "<group>"; };
		EC49DD9D226794B70090D7AA /* main.framework */ = {isa = PBXFileReference; lastKnownFileType = wrapper.framework; name = main.framework; path = "../../pathfinderlib/build/xcode-frameworks/main.framework"; sourceTree = "<group>"; };
/* End PBXFileReference section */

/* Begin PBXFrameworksBuildPhase section */
		EC49DD69226785FB0090D7AA /* Frameworks */ = {
			isa = PBXFrameworksBuildPhase;
			buildActionMask = 2147483647;
			files = (
				EC49DD9E226794B70090D7AA /* main.framework in Frameworks */,
			);
			runOnlyForDeploymentPostprocessing = 0;
		};
		EC49DD7D226785FD0090D7AA /* Frameworks */ = {
			isa = PBXFrameworksBuildPhase;
			buildActionMask = 2147483647;
			files = (
			);
			runOnlyForDeploymentPostprocessing = 0;
		};
		EC49DD88226785FD0090D7AA /* Frameworks */ = {
			isa = PBXFrameworksBuildPhase;
			buildActionMask = 2147483647;
			files = (
			);
			runOnlyForDeploymentPostprocessing = 0;
		};
/* End PBXFrameworksBuildPhase section */

/* Begin PBXGroup section */
		EC49DD63226785FB0090D7AA = {
			isa = PBXGroup;
			children = (
				EC49DD9D226794B70090D7AA /* main.framework */,
				EC49DD6E226785FB0090D7AA /* PathFinderMPiOS */,
				EC49DD83226785FD0090D7AA /* PathFinderMPiOSTests */,
				EC49DD8E226785FD0090D7AA /* PathFinderMPiOSUITests */,
				EC49DD6D226785FB0090D7AA /* Products */,
			);
			sourceTree = "<group>";
		};
		EC49DD6D226785FB0090D7AA /* Products */ = {
			isa = PBXGroup;
			children = (
				EC49DD6C226785FB0090D7AA /* PathFinderMPiOS.app */,
				EC49DD80226785FD0090D7AA /* PathFinderMPiOSTests.xctest */,
				EC49DD8B226785FD0090D7AA /* PathFinderMPiOSUITests.xctest */,
			);
			name = Products;
			sourceTree = "<group>";
		};
		EC49DD6E226785FB0090D7AA /* PathFinderMPiOS */ = {
			isa = PBXGroup;
			children = (
				EC49DD6F226785FB0090D7AA /* AppDelegate.swift */,
				EC49DD71226785FB0090D7AA /* ViewController.swift */,
				EC49DD73226785FB0090D7AA /* Main.storyboard */,
				EC49DD76226785FD0090D7AA /* Assets.xcassets */,
				EC49DD78226785FD0090D7AA /* LaunchScreen.storyboard */,
				EC49DD7B226785FD0090D7AA /* Info.plist */,
			);
			path = PathFinderMPiOS;
			sourceTree = "<group>";
		};
		EC49DD83226785FD0090D7AA /* PathFinderMPiOSTests */ = {
			isa = PBXGroup;
			children = (
				EC49DD84226785FD0090D7AA /* PathFinderMPiOSTests.swift */,
				EC49DD86226785FD0090D7AA /* Info.plist */,
			);
			path = PathFinderMPiOSTests;
			sourceTree = "<group>";
		};
		EC49DD8E226785FD0090D7AA /* PathFinderMPiOSUITests */ = {
			isa = PBXGroup;
			children = (
				EC49DD8F226785FD0090D7AA /* PathFinderMPiOSUITests.swift */,
				EC49DD91226785FD0090D7AA /* Info.plist */,
			);
			path = PathFinderMPiOSUITests;
			sourceTree = "<group>";
		};
/* End PBXGroup section */

/* Begin PBXNativeTarget section */
		EC49DD6B226785FB0090D7AA /* PathFinderMPiOS */ = {
			isa = PBXNativeTarget;
			buildConfigurationList = EC49DD94226785FD0090D7AA /* Build configuration list for PBXNativeTarget "PathFinderMPiOS" */;
			buildPhases = (
				EC49DDA1226795C90090D7AA /* ShellScript */,
				EC49DD68226785FB0090D7AA /* Sources */,
				EC49DD69226785FB0090D7AA /* Frameworks */,
				EC49DD6A226785FB0090D7AA /* Resources */,
				EC49DDA0226794B70090D7AA /* Embed Frameworks */,
			);
			buildRules = (
			);
			dependencies = (
			);
			name = PathFinderMPiOS;
			productName = PathFinderMPiOS;
			productReference = EC49DD6C226785FB0090D7AA /* PathFinderMPiOS.app */;
			productType = "com.apple.product-type.application";
		};
		EC49DD7F226785FD0090D7AA /* PathFinderMPiOSTests */ = {
			isa = PBXNativeTarget;
			buildConfigurationList = EC49DD97226785FD0090D7AA /* Build configuration list for PBXNativeTarget "PathFinderMPiOSTests" */;
			buildPhases = (
				EC49DD7C226785FD0090D7AA /* Sources */,
				EC49DD7D226785FD0090D7AA /* Frameworks */,
				EC49DD7E226785FD0090D7AA /* Resources */,
			);
			buildRules = (
			);
			dependencies = (
				EC49DD82226785FD0090D7AA /* PBXTargetDependency */,
			);
			name = PathFinderMPiOSTests;
			productName = PathFinderMPiOSTests;
			productReference = EC49DD80226785FD0090D7AA /* PathFinderMPiOSTests.xctest */;
			productType = "com.apple.product-type.bundle.unit-test";
		};
		EC49DD8A226785FD0090D7AA /* PathFinderMPiOSUITests */ = {
			isa = PBXNativeTarget;
			buildConfigurationList = EC49DD9A226785FD0090D7AA /* Build configuration list for PBXNativeTarget "PathFinderMPiOSUITests" */;
			buildPhases = (
				EC49DD87226785FD0090D7AA /* Sources */,
				EC49DD88226785FD0090D7AA /* Frameworks */,
				EC49DD89226785FD0090D7AA /* Resources */,
			);
			buildRules = (
			);
			dependencies = (
				EC49DD8D226785FD0090D7AA /* PBXTargetDependency */,
			);
			name = PathFinderMPiOSUITests;
			productName = PathFinderMPiOSUITests;
			productReference = EC49DD8B226785FD0090D7AA /* PathFinderMPiOSUITests.xctest */;
			productType = "com.apple.product-type.bundle.ui-testing";
		};
/* End PBXNativeTarget section */

/* Begin PBXProject section */
		EC49DD64226785FB0090D7AA /* Project object */ = {
			isa = PBXProject;
			attributes = {
				LastSwiftUpdateCheck = 1010;
				LastUpgradeCheck = 1010;
				ORGANIZATIONNAME = aleksandr.gusev;
				TargetAttributes = {
					EC49DD6B226785FB0090D7AA = {
						CreatedOnToolsVersion = 10.1;
					};
					EC49DD7F226785FD0090D7AA = {
						CreatedOnToolsVersion = 10.1;
						TestTargetID = EC49DD6B226785FB0090D7AA;
					};
					EC49DD8A226785FD0090D7AA = {
						CreatedOnToolsVersion = 10.1;
						TestTargetID = EC49DD6B226785FB0090D7AA;
					};
				};
			};
			buildConfigurationList = EC49DD67226785FB0090D7AA /* Build configuration list for PBXProject "PathFinderMPiOS" */;
			compatibilityVersion = "Xcode 9.3";
			developmentRegion = en;
			hasScannedForEncodings = 0;
			knownRegions = (
				en,
				Base,
			);
			mainGroup = EC49DD63226785FB0090D7AA;
			productRefGroup = EC49DD6D226785FB0090D7AA /* Products */;
			projectDirPath = "";
			projectRoot = "";
			targets = (
				EC49DD6B226785FB0090D7AA /* PathFinderMPiOS */,
				EC49DD7F226785FD0090D7AA /* PathFinderMPiOSTests */,
				EC49DD8A226785FD0090D7AA /* PathFinderMPiOSUITests */,
			);
		};
/* End PBXProject section */

/* Begin PBXResourcesBuildPhase section */
		EC49DD6A226785FB0090D7AA /* Resources */ = {
			isa = PBXResourcesBuildPhase;
			buildActionMask = 2147483647;
			files = (
				EC49DD7A226785FD0090D7AA /* LaunchScreen.storyboard in Resources */,
				EC49DD77226785FD0090D7AA /* Assets.xcassets in Resources */,
				EC49DD75226785FB0090D7AA /* Main.storyboard in Resources */,
			);
			runOnlyForDeploymentPostprocessing = 0;
		};
		EC49DD7E226785FD0090D7AA /* Resources */ = {
			isa = PBXResourcesBuildPhase;
			buildActionMask = 2147483647;
			files = (
			);
			runOnlyForDeploymentPostprocessing = 0;
		};
		EC49DD89226785FD0090D7AA /* Resources */ = {
			isa = PBXResourcesBuildPhase;
			buildActionMask = 2147483647;
			files = (
			);
			runOnlyForDeploymentPostprocessing = 0;
		};
/* End PBXResourcesBuildPhase section */

/* Begin PBXShellScriptBuildPhase section */
		EC49DDA1226795C90090D7AA /* ShellScript */ = {
			isa = PBXShellScriptBuildPhase;
			buildActionMask = 2147483647;
			files = (
			);
			inputFileListPaths = (
			);
			inputPaths = (
			);
			outputFileListPaths = (
			);
			outputPaths = (
			);
			runOnlyForDeploymentPostprocessing = 0;
			shellPath = /bin/sh;
			shellScript = "# Type a script or drag a script file from your workspace to insert its path.\ncd \"$SRCROOT/../../pathfinderlib/build/xcode-frameworks\"\n./gradlew :pathfinderlib:packForXCode -PXCODE_CONFIGURATION=${CONFIGURATION}\n";
		};
/* End PBXShellScriptBuildPhase section */

/* Begin PBXSourcesBuildPhase section */
		EC49DD68226785FB0090D7AA /* Sources */ = {
			isa = PBXSourcesBuildPhase;
			buildActionMask = 2147483647;
			files = (
				EC49DD72226785FB0090D7AA /* ViewController.swift in Sources */,
				EC49DD70226785FB0090D7AA /* AppDelegate.swift in Sources */,
			);
			runOnlyForDeploymentPostprocessing = 0;
		};
		EC49DD7C226785FD0090D7AA /* Sources */ = {
			isa = PBXSourcesBuildPhase;
			buildActionMask = 2147483647;
			files = (
				EC49DD85226785FD0090D7AA /* PathFinderMPiOSTests.swift in Sources */,
			);
			runOnlyForDeploymentPostprocessing = 0;
		};
		EC49DD87226785FD0090D7AA /* Sources */ = {
			isa = PBXSourcesBuildPhase;
			buildActionMask = 2147483647;
			files = (
				EC49DD90226785FD0090D7AA /* PathFinderMPiOSUITests.swift in Sources */,
			);
			runOnlyForDeploymentPostprocessing = 0;
		};
/* End PBXSourcesBuildPhase section */

/* Begin PBXTargetDependency section */
		EC49DD82226785FD0090D7AA /* PBXTargetDependency */ = {
			isa = PBXTargetDependency;
			target = EC49DD6B226785FB0090D7AA /* PathFinderMPiOS */;
			targetProxy = EC49DD81226785FD0090D7AA /* PBXContainerItemProxy */;
		};
		EC49DD8D226785FD0090D7AA /* PBXTargetDependency */ = {
			isa = PBXTargetDependency;
			target = EC49DD6B226785FB0090D7AA /* PathFinderMPiOS */;
			targetProxy = EC49DD8C226785FD0090D7AA /* PBXContainerItemProxy */;
		};
/* End PBXTargetDependency section */

/* Begin PBXVariantGroup section */
		EC49DD73226785FB0090D7AA /* Main.storyboard */ = {
			isa = PBXVariantGroup;
			children = (
				EC49DD74226785FB0090D7AA /* Base */,
			);
			name = Main.storyboard;
			sourceTree = "<group>";
		};
		EC49DD78226785FD0090D7AA /* LaunchScreen.storyboard */ = {
			isa = PBXVariantGroup;
			children = (
				EC49DD79226785FD0090D7AA /* Base */,
			);
			name = LaunchScreen.storyboard;
			sourceTree = "<group>";
		};
/* End PBXVariantGroup section */

/* Begin XCBuildConfiguration section */
		EC49DD92226785FD0090D7AA /* Debug */ = {
			isa = XCBuildConfiguration;
			buildSettings = {
				ALWAYS_SEARCH_USER_PATHS = NO;
				CLANG_ANALYZER_NONNULL = YES;
				CLANG_ANALYZER_NUMBER_OBJECT_CONVERSION = YES_AGGRESSIVE;
				CLANG_CXX_LANGUAGE_STANDARD = "gnu++14";
				CLANG_CXX_LIBRARY = "libc++";
				CLANG_ENABLE_MODULES = YES;
				CLANG_ENABLE_OBJC_ARC = YES;
				CLANG_ENABLE_OBJC_WEAK = YES;
				CLANG_WARN_BLOCK_CAPTURE_AUTORELEASING = YES;
				CLANG_WARN_BOOL_CONVERSION = YES;
				CLANG_WARN_COMMA = YES;
				CLANG_WARN_CONSTANT_CONVERSION = YES;
				CLANG_WARN_DEPRECATED_OBJC_IMPLEMENTATIONS = YES;
				CLANG_WARN_DIRECT_OBJC_ISA_USAGE = YES_ERROR;
				CLANG_WARN_DOCUMENTATION_COMMENTS = YES;
				CLANG_WARN_EMPTY_BODY = YES;
				CLANG_WARN_ENUM_CONVERSION = YES;
				CLANG_WARN_INFINITE_RECURSION = YES;
				CLANG_WARN_INT_CONVERSION = YES;
				CLANG_WARN_NON_LITERAL_NULL_CONVERSION = YES;
				CLANG_WARN_OBJC_IMPLICIT_RETAIN_SELF = YES;
				CLANG_WARN_OBJC_LITERAL_CONVERSION = YES;
				CLANG_WARN_OBJC_ROOT_CLASS = YES_ERROR;
				CLANG_WARN_RANGE_LOOP_ANALYSIS = YES;
				CLANG_WARN_STRICT_PROTOTYPES = YES;
				CLANG_WARN_SUSPICIOUS_MOVE = YES;
				CLANG_WARN_UNGUARDED_AVAILABILITY = YES_AGGRESSIVE;
				CLANG_WARN_UNREACHABLE_CODE = YES;
				CLANG_WARN__DUPLICATE_METHOD_MATCH = YES;
				CODE_SIGN_IDENTITY = "iPhone Developer";
				COPY_PHASE_STRIP = NO;
				DEBUG_INFORMATION_FORMAT = dwarf;
				ENABLE_STRICT_OBJC_MSGSEND = YES;
				ENABLE_TESTABILITY = YES;
				GCC_C_LANGUAGE_STANDARD = gnu11;
				GCC_DYNAMIC_NO_PIC = NO;
				GCC_NO_COMMON_BLOCKS = YES;
				GCC_OPTIMIZATION_LEVEL = 0;
				GCC_PREPROCESSOR_DEFINITIONS = (
					"DEBUG=1",
					"$(inherited)",
				);
				GCC_WARN_64_TO_32_BIT_CONVERSION = YES;
				GCC_WARN_ABOUT_RETURN_TYPE = YES_ERROR;
				GCC_WARN_UNDECLARED_SELECTOR = YES;
				GCC_WARN_UNINITIALIZED_AUTOS = YES_AGGRESSIVE;
				GCC_WARN_UNUSED_FUNCTION = YES;
				GCC_WARN_UNUSED_VARIABLE = YES;
				IPHONEOS_DEPLOYMENT_TARGET = 12.1;
				MTL_ENABLE_DEBUG_INFO = INCLUDE_SOURCE;
				MTL_FAST_MATH = YES;
				ONLY_ACTIVE_ARCH = YES;
				SDKROOT = iphoneos;
				SWIFT_ACTIVE_COMPILATION_CONDITIONS = DEBUG;
				SWIFT_OPTIMIZATION_LEVEL = "-Onone";
			};
			name = Debug;
		};
		EC49DD93226785FD0090D7AA /* Release */ = {
			isa = XCBuildConfiguration;
			buildSettings = {
				ALWAYS_SEARCH_USER_PATHS = NO;
				CLANG_ANALYZER_NONNULL = YES;
				CLANG_ANALYZER_NUMBER_OBJECT_CONVERSION = YES_AGGRESSIVE;
				CLANG_CXX_LANGUAGE_STANDARD = "gnu++14";
				CLANG_CXX_LIBRARY = "libc++";
				CLANG_ENABLE_MODULES = YES;
				CLANG_ENABLE_OBJC_ARC = YES;
				CLANG_ENABLE_OBJC_WEAK = YES;
				CLANG_WARN_BLOCK_CAPTURE_AUTORELEASING = YES;
				CLANG_WARN_BOOL_CONVERSION = YES;
				CLANG_WARN_COMMA = YES;
				CLANG_WARN_CONSTANT_CONVERSION = YES;
				CLANG_WARN_DEPRECATED_OBJC_IMPLEMENTATIONS = YES;
				CLANG_WARN_DIRECT_OBJC_ISA_USAGE = YES_ERROR;
				CLANG_WARN_DOCUMENTATION_COMMENTS = YES;
				CLANG_WARN_EMPTY_BODY = YES;
				CLANG_WARN_ENUM_CONVERSION = YES;
				CLANG_WARN_INFINITE_RECURSION = YES;
				CLANG_WARN_INT_CONVERSION = YES;
				CLANG_WARN_NON_LITERAL_NULL_CONVERSION = YES;
				CLANG_WARN_OBJC_IMPLICIT_RETAIN_SELF = YES;
				CLANG_WARN_OBJC_LITERAL_CONVERSION = YES;
				CLANG_WARN_OBJC_ROOT_CLASS = YES_ERROR;
				CLANG_WARN_RANGE_LOOP_ANALYSIS = YES;
				CLANG_WARN_STRICT_PROTOTYPES = YES;
				CLANG_WARN_SUSPICIOUS_MOVE = YES;
				CLANG_WARN_UNGUARDED_AVAILABILITY = YES_AGGRESSIVE;
				CLANG_WARN_UNREACHABLE_CODE = YES;
				CLANG_WARN__DUPLICATE_METHOD_MATCH = YES;
				CODE_SIGN_IDENTITY = "iPhone Developer";
				COPY_PHASE_STRIP = NO;
				DEBUG_INFORMATION_FORMAT = "dwarf-with-dsym";
				ENABLE_NS_ASSERTIONS = NO;
				ENABLE_STRICT_OBJC_MSGSEND = YES;
				GCC_C_LANGUAGE_STANDARD = gnu11;
				GCC_NO_COMMON_BLOCKS = YES;
				GCC_WARN_64_TO_32_BIT_CONVERSION = YES;
				GCC_WARN_ABOUT_RETURN_TYPE = YES_ERROR;
				GCC_WARN_UNDECLARED_SELECTOR = YES;
				GCC_WARN_UNINITIALIZED_AUTOS = YES_AGGRESSIVE;
				GCC_WARN_UNUSED_FUNCTION = YES;
				GCC_WARN_UNUSED_VARIABLE = YES;
				IPHONEOS_DEPLOYMENT_TARGET = 12.1;
				MTL_ENABLE_DEBUG_INFO = NO;
				MTL_FAST_MATH = YES;
				SDKROOT = iphoneos;
				SWIFT_COMPILATION_MODE = wholemodule;
				SWIFT_OPTIMIZATION_LEVEL = "-O";
				VALIDATE_PRODUCT = YES;
			};
			name = Release;
		};
		EC49DD95226785FD0090D7AA /* Debug */ = {
			isa = XCBuildConfiguration;
			buildSettings = {
				ASSETCATALOG_COMPILER_APPICON_NAME = AppIcon;
				CODE_SIGN_STYLE = Automatic;
				DEVELOPMENT_TEAM = BQSQ3MB92H;
				ENABLE_BITCODE = NO;
				FRAMEWORK_SEARCH_PATHS = "$(SRCROOT)/../../pathfinderlib/build/xcode-frameworks";
				INFOPLIST_FILE = PathFinderMPiOS/Info.plist;
				LD_RUNPATH_SEARCH_PATHS = (
					"$(inherited)",
					"@executable_path/Frameworks",
				);
				PRODUCT_BUNDLE_IDENTIFIER = com.aleksandr.gusev.PathFinderMPiOS;
				PRODUCT_NAME = "$(TARGET_NAME)";
				SWIFT_VERSION = 4.2;
				TARGETED_DEVICE_FAMILY = "1,2";
			};
			name = Debug;
		};
		EC49DD96226785FD0090D7AA /* Release */ = {
			isa = XCBuildConfiguration;
			buildSettings = {
				ASSETCATALOG_COMPILER_APPICON_NAME = AppIcon;
				CODE_SIGN_STYLE = Automatic;
				DEVELOPMENT_TEAM = BQSQ3MB92H;
				ENABLE_BITCODE = NO;
				FRAMEWORK_SEARCH_PATHS = "$(SRCROOT)/../../pathfinderlib/build/xcode-frameworks";
				INFOPLIST_FILE = PathFinderMPiOS/Info.plist;
				LD_RUNPATH_SEARCH_PATHS = (
					"$(inherited)",
					"@executable_path/Frameworks",
				);
				PRODUCT_BUNDLE_IDENTIFIER = com.aleksandr.gusev.PathFinderMPiOS;
				PRODUCT_NAME = "$(TARGET_NAME)";
				SWIFT_VERSION = 4.2;
				TARGETED_DEVICE_FAMILY = "1,2";
			};
			name = Release;
		};
		EC49DD98226785FD0090D7AA /* Debug */ = {
			isa = XCBuildConfiguration;
			buildSettings = {
				ALWAYS_EMBED_SWIFT_STANDARD_LIBRARIES = YES;
				BUNDLE_LOADER = "$(TEST_HOST)";
				CODE_SIGN_STYLE = Automatic;
				DEVELOPMENT_TEAM = BQSQ3MB92H;
				INFOPLIST_FILE = PathFinderMPiOSTests/Info.plist;
				LD_RUNPATH_SEARCH_PATHS = (
					"$(inherited)",
					"@executable_path/Frameworks",
					"@loader_path/Frameworks",
				);
				PRODUCT_BUNDLE_IDENTIFIER = com.aleksandr.gusev.PathFinderMPiOSTests;
				PRODUCT_NAME = "$(TARGET_NAME)";
				SWIFT_VERSION = 4.2;
				TARGETED_DEVICE_FAMILY = "1,2";
				TEST_HOST = "$(BUILT_PRODUCTS_DIR)/PathFinderMPiOS.app/PathFinderMPiOS";
			};
			name = Debug;
		};
		EC49DD99226785FD0090D7AA /* Release */ = {
			isa = XCBuildConfiguration;
			buildSettings = {
				ALWAYS_EMBED_SWIFT_STANDARD_LIBRARIES = YES;
				BUNDLE_LOADER = "$(TEST_HOST)";
				CODE_SIGN_STYLE = Automatic;
				DEVELOPMENT_TEAM = BQSQ3MB92H;
				INFOPLIST_FILE = PathFinderMPiOSTests/Info.plist;
				LD_RUNPATH_SEARCH_PATHS = (
					"$(inherited)",
					"@executable_path/Frameworks",
					"@loader_path/Frameworks",
				);
				PRODUCT_BUNDLE_IDENTIFIER = com.aleksandr.gusev.PathFinderMPiOSTests;
				PRODUCT_NAME = "$(TARGET_NAME)";
				SWIFT_VERSION = 4.2;
				TARGETED_DEVICE_FAMILY = "1,2";
				TEST_HOST = "$(BUILT_PRODUCTS_DIR)/PathFinderMPiOS.app/PathFinderMPiOS";
			};
			name = Release;
		};
		EC49DD9B226785FD0090D7AA /* Debug */ = {
			isa = XCBuildConfiguration;
			buildSettings = {
				ALWAYS_EMBED_SWIFT_STANDARD_LIBRARIES = YES;
				CODE_SIGN_STYLE = Automatic;
				DEVELOPMENT_TEAM = BQSQ3MB92H;
				INFOPLIST_FILE = PathFinderMPiOSUITests/Info.plist;
				LD_RUNPATH_SEARCH_PATHS = (
					"$(inherited)",
					"@executable_path/Frameworks",
					"@loader_path/Frameworks",
				);
				PRODUCT_BUNDLE_IDENTIFIER = com.aleksandr.gusev.PathFinderMPiOSUITests;
				PRODUCT_NAME = "$(TARGET_NAME)";
				SWIFT_VERSION = 4.2;
				TARGETED_DEVICE_FAMILY = "1,2";
				TEST_TARGET_NAME = PathFinderMPiOS;
			};
			name = Debug;
		};
		EC49DD9C226785FD0090D7AA /* Release */ = {
			isa = XCBuildConfiguration;
			buildSettings = {
				ALWAYS_EMBED_SWIFT_STANDARD_LIBRARIES = YES;
				CODE_SIGN_STYLE = Automatic;
				DEVELOPMENT_TEAM = BQSQ3MB92H;
				INFOPLIST_FILE = PathFinderMPiOSUITests/Info.plist;
				LD_RUNPATH_SEARCH_PATHS = (
					"$(inherited)",
					"@executable_path/Frameworks",
					"@loader_path/Frameworks",
				);
				PRODUCT_BUNDLE_IDENTIFIER = com.aleksandr.gusev.PathFinderMPiOSUITests;
				PRODUCT_NAME = "$(TARGET_NAME)";
				SWIFT_VERSION = 4.2;
				TARGETED_DEVICE_FAMILY = "1,2";
				TEST_TARGET_NAME = PathFinderMPiOS;
			};
			name = Release;
		};
/* End XCBuildConfiguration section */

/* Begin XCConfigurationList section */
		EC49DD67226785FB0090D7AA /* Build configuration list for PBXProject "PathFinderMPiOS" */ = {
			isa = XCConfigurationList;
			buildConfigurations = (
				EC49DD92226785FD0090D7AA /* Debug */,
				EC49DD93226785FD0090D7AA /* Release */,
			);
			defaultConfigurationIsVisible = 0;
			defaultConfigurationName = Release;
		};
		EC49DD94226785FD0090D7AA /* Build configuration list for PBXNativeTarget "PathFinderMPiOS" */ = {
			isa = XCConfigurationList;
			buildConfigurations = (
				EC49DD95226785FD0090D7AA /* Debug */,
				EC49DD96226785FD0090D7AA /* Release */,
			);
			defaultConfigurationIsVisible = 0;
			defaultConfigurationName = Release;
		};
		EC49DD97226785FD0090D7AA /* Build configuration list for PBXNativeTarget "PathFinderMPiOSTests" */ = {
			isa = XCConfigurationList;
			buildConfigurations = (
				EC49DD98226785FD0090D7AA /* Debug */,
				EC49DD99226785FD0090D7AA /* Release */,
			);
			defaultConfigurationIsVisible = 0;
			defaultConfigurationName = Release;
		};
		EC49DD9A226785FD0090D7AA /* Build configuration list for PBXNativeTarget "PathFinderMPiOSUITests" */ = {
			isa = XCConfigurationList;
			buildConfigurations = (
				EC49DD9B226785FD0090D7AA /* Debug */,
				EC49DD9C226785FD0090D7AA /* Release */,
			);
			defaultConfigurationIsVisible = 0;
			defaultConfigurationName = Release;
		};
/* End XCConfigurationList section */
	};
	rootObject = EC49DD64226785FB0090D7AA /* Project object */;
}
